<?xml version="1.0" encoding="utf-8"?>
<Project ToolsVersion="4.0" xmlns="http://schemas.microsoft.com/developer/msbuild/2003">
  <ItemGroup>
    <ClInclude Include="$(MSBuildThisFileDirectory)app.h" />
    <ClInclude Include="$(MSBuildThisFileDirectory)NTGameMain.h" />
    <ClInclude Include="$(MSBuildThisFileDirectory)pch.h" />
    <ClInclude Include="$(MSBuildThisFileDirectory)Common\DirectXHelper.h">
      <Filter>Common</Filter>
    </ClInclude>
    <ClInclude Include="$(MSBuildThisFileDirectory)Common\StepTimer.h">
      <Filter>Common</Filter>
    </ClInclude>
    <ClInclude Include="$(MSBuildThisFileDirectory)Common\DeviceResources.h">
      <Filter>Common</Filter>
    </ClInclude>
    <ClInclude Include="$(MSBuildThisFileDirectory)Content\Sample3DSceneRenderer.h">
      <Filter>Content</Filter>
    </ClInclude>
    <ClInclude Include="$(MSBuildThisFileDirectory)Content\SampleFpsTextRenderer.h">
      <Filter>Content</Filter>
    </ClInclude>
    <ClInclude Include="$(MSBuildThisFileDirectory)EObjResource.h">
      <Filter>Content</Filter>
    </ClInclude>
    <ClInclude Include="$(MSBuildThisFileDirectory)ESubStr.h">
      <Filter>Content</Filter>
    </ClInclude>
    <ClInclude Include="$(MSBuildThisFileDirectory)ERender.h">
      <Filter>Content</Filter>
    </ClInclude>
    <ClInclude Include="$(MSBuildThisFileDirectory)ERender\EFbxObj.h">
      <Filter>Content</Filter>
    </ClInclude>
  </ItemGroup>
  <ItemGroup>
    <ClCompile Include="$(MSBuildThisFileDirectory)app.cpp" />
    <ClCompile Include="$(MSBuildThisFileDirectory)NTGameMain.cpp" />
    <ClCompile Include="$(MSBuildThisFileDirectory)pch.cpp" />
    <ClCompile Include="$(MSBuildThisFileDirectory)Common\DeviceResources.cpp">
      <Filter>Common</Filter>
    </ClCompile>
    <ClCompile Include="$(MSBuildThisFileDirectory)Content\Sample3DSceneRenderer.cpp">
      <Filter>Content</Filter>
    </ClCompile>
    <ClCompile Include="$(MSBuildThisFileDirectory)Content\SampleFpsTextRenderer.cpp">
      <Filter>Content</Filter>
    </ClCompile>
    <ClCompile Include="$(MSBuildThisFileDirectory)EObjResource.cpp">
      <Filter>Content</Filter>
    </ClCompile>
    <ClCompile Include="$(MSBuildThisFileDirectory)ESubStr.cpp">
      <Filter>Content</Filter>
    </ClCompile>
    <ClCompile Include="$(MSBuildThisFileDirectory)ERender.cpp">
      <Filter>Content</Filter>
    </ClCompile>
    <ClCompile Include="$(MSBuildThisFileDirectory)ERender\EFbxObj.cpp">
      <Filter>Content</Filter>
    </ClCompile>
  </ItemGroup>
  <ItemGroup>
    <FxCompile Include="$(MSBuildThisFileDirectory)Content\SamplePixelShader.hlsl">
      <Filter>Content</Filter>
    </FxCompile>
    <FxCompile Include="$(MSBuildThisFileDirectory)Content\SampleVertexShader.hlsl">
      <Filter>Content</Filter>
    </FxCompile>
  </ItemGroup>
  <ItemGroup>
    <Filter Include="Common">
      <UniqueIdentifier>{18632a97-804c-4991-914c-234b5fa83b25}</UniqueIdentifier>
    </Filter>
    <Filter Include="Content">
      <UniqueIdentifier>{811bcdd9-591e-4387-922a-89b2a2cf9bb1}</UniqueIdentifier>
    </Filter>
  </ItemGroup>
</Project>